
Microsoft Visual Studio Solution File, Format Version 12.00
# Visual Studio Version 16
VisualStudioVersion = 16.0.30804.86
MinimumVisualStudioVersion = 10.0.40219.1
Project("{2150E333-8FDC-42A3-9474-1A3956D46DE8}") = "api", "api", "{FB4F8D1A-F376-4D97-8245-1DA949609E90}"
EndProject
Project("{FAE04EC0-301F-11D3-BF4B-00C04F79EFBC}") = "soccer-field-booking-api", "soccer-field-booking-api\soccer-field-booking-api.csproj", "{4A9E565A-1288-4E3E-8DB2-476F78FE4583}"
EndProject
Global
	GlobalSection(SolutionConfigurationPlatforms) = preSolution
		Debug|Any CPU = Debug|Any CPU
		Release|Any CPU = Release|Any CPU
	EndGlobalSection
	GlobalSection(ProjectConfigurationPlatforms) = postSolution
		{4A9E565A-1288-4E3E-8DB2-476F78FE4583}.Debug|Any CPU.ActiveCfg = Debug|Any CPU
		{4A9E565A-1288-4E3E-8DB2-476F78FE4583}.Debug|Any CPU.Build.0 = Debug|Any CPU
		{4A9E565A-1288-4E3E-8DB2-476F78FE4583}.Release|Any CPU.ActiveCfg = Release|Any CPU
		{4A9E565A-1288-4E3E-8DB2-476F78FE4583}.Release|Any CPU.Build.0 = Release|Any CPU
	EndGlobalSection
	GlobalSection(SolutionProperties) = preSolution
		HideSolutionNode = FALSE
	EndGlobalSection
	GlobalSection(NestedProjects) = preSolution
		{4A9E565A-1288-4E3E-8DB2-476F78FE4583} = {FB4F8D1A-F376-4D97-8245-1DA949609E90}
	EndGlobalSection
	GlobalSection(ExtensibilityGlobals) = postSolution
		SolutionGuid = {BBA16EFF-81C1-400C-9041-F46D64C58D79}
	EndGlobalSection
EndGlobal
